
Microsoft Visual Studio Solution File, Format Version 12.00
# Visual Studio 14
VisualStudioVersion = 14.0.23107.0
MinimumVisualStudioVersion = 10.0.40219.1
Project("{D2ABAB84-BF74-430A-B69E-9DC6D40DDA17}") = "Rico_Olap", "Rico_Olap\Rico_Olap.dwproj", "{F280BE48-7E36-4ABE-9662-53CB3BFFEC56}"
EndProject
Global
	GlobalSection(SolutionConfigurationPlatforms) = preSolution
		Development|Default = Development|Default
	EndGlobalSection
	GlobalSection(ProjectConfigurationPlatforms) = postSolution
		{F280BE48-7E36-4ABE-9662-53CB3BFFEC56}.Development|Default.ActiveCfg = Development
		{F280BE48-7E36-4ABE-9662-53CB3BFFEC56}.Development|Default.Build.0 = Development
		{F280BE48-7E36-4ABE-9662-53CB3BFFEC56}.Development|Default.Deploy.0 = Development
	EndGlobalSection
	GlobalSection(SolutionProperties) = preSolution
		HideSolutionNode = FALSE
	EndGlobalSection
EndGlobal
